
Microsoft Visual Studio Solution File, Format Version 12.00
# Visual Studio Version 17
VisualStudioVersion = 17.3.32929.385
MinimumVisualStudioVersion = 10.0.40219.1
Project("{FAE04EC0-301F-11D3-BF4B-00C04F79EFBC}") = "Exec3_MaintainUsers", "Exec3_MaintainUsers\Exec3_MaintainUsers.csproj", "{0EA079D0-2E0D-4795-9026-787380112C26}"
EndProject
Global
	GlobalSection(SolutionConfigurationPlatforms) = preSolution
		Debug|Any CPU = Debug|Any CPU
		Release|Any CPU = Release|Any CPU
	EndGlobalSection
	GlobalSection(ProjectConfigurationPlatforms) = postSolution
		{0EA079D0-2E0D-4795-9026-787380112C26}.Debug|Any CPU.ActiveCfg = Debug|Any CPU
		{0EA079D0-2E0D-4795-9026-787380112C26}.Debug|Any CPU.Build.0 = Debug|Any CPU
		{0EA079D0-2E0D-4795-9026-787380112C26}.Release|Any CPU.ActiveCfg = Release|Any CPU
		{0EA079D0-2E0D-4795-9026-787380112C26}.Release|Any CPU.Build.0 = Release|Any CPU
	EndGlobalSection
	GlobalSection(SolutionProperties) = preSolution
		HideSolutionNode = FALSE
	EndGlobalSection
	GlobalSection(ExtensibilityGlobals) = postSolution
		SolutionGuid = {995140F6-E70B-4EA4-96A2-1DBCAEBC035D}
	EndGlobalSection
EndGlobal
